
Microsoft Visual Studio Solution File, Format Version 12.00
# Visual Studio Version 17
VisualStudioVersion = 17.9.34321.82
MinimumVisualStudioVersion = 10.0.40219.1
Project("{FAE04EC0-301F-11D3-BF4B-00C04F79EFBC}") = "BlazorLearnWebApp", "BlazorLearnWebApp\BlazorLearnWebApp.csproj", "{9BEF61BC-DA0B-4DDD-8D41-D34C0A8BD240}"
EndProject
Global
	GlobalSection(SolutionConfigurationPlatforms) = preSolution
		Debug|Any CPU = Debug|Any CPU
		Release|Any CPU = Release|Any CPU
	EndGlobalSection
	GlobalSection(ProjectConfigurationPlatforms) = postSolution
		{9BEF61BC-DA0B-4DDD-8D41-D34C0A8BD240}.Debug|Any CPU.ActiveCfg = Debug|Any CPU
		{9BEF61BC-DA0B-4DDD-8D41-D34C0A8BD240}.Debug|Any CPU.Build.0 = Debug|Any CPU
		{9BEF61BC-DA0B-4DDD-8D41-D34C0A8BD240}.Release|Any CPU.ActiveCfg = Release|Any CPU
		{9BEF61BC-DA0B-4DDD-8D41-D34C0A8BD240}.Release|Any CPU.Build.0 = Release|Any CPU
	EndGlobalSection
	GlobalSection(SolutionProperties) = preSolution
		HideSolutionNode = FALSE
	EndGlobalSection
	GlobalSection(ExtensibilityGlobals) = postSolution
		SolutionGuid = {7FE05FAD-2940-4C39-BC91-724C3E49EBB5}
	EndGlobalSection
EndGlobal
